
Microsoft Visual Studio Solution File, Format Version 12.00
# Visual Studio Version 17
VisualStudioVersion = 17.3.32825.248
MinimumVisualStudioVersion = 10.0.40219.1
Project("{FAE04EC0-301F-11D3-BF4B-00C04F79EFBC}") = "Lab6 (Адаптер)", "Lab6 (Адаптер)\Lab6 (Адаптер).csproj", "{47063CD0-E044-47D7-BA16-10C732E75B9C}"
EndProject
Project("{2150E333-8FDC-42A3-9474-1A3956D46DE8}") = "Элементы решения", "Элементы решения", "{B69AEB51-AD92-4C97-97C5-64727F1BF8A9}"
	ProjectSection(SolutionItems) = preProject
		.gitignore = .gitignore
	EndProjectSection
EndProject
Global
	GlobalSection(SolutionConfigurationPlatforms) = preSolution
		Debug|Any CPU = Debug|Any CPU
		Release|Any CPU = Release|Any CPU
	EndGlobalSection
	GlobalSection(ProjectConfigurationPlatforms) = postSolution
		{47063CD0-E044-47D7-BA16-10C732E75B9C}.Debug|Any CPU.ActiveCfg = Debug|Any CPU
		{47063CD0-E044-47D7-BA16-10C732E75B9C}.Debug|Any CPU.Build.0 = Debug|Any CPU
		{47063CD0-E044-47D7-BA16-10C732E75B9C}.Release|Any CPU.ActiveCfg = Release|Any CPU
		{47063CD0-E044-47D7-BA16-10C732E75B9C}.Release|Any CPU.Build.0 = Release|Any CPU
	EndGlobalSection
	GlobalSection(SolutionProperties) = preSolution
		HideSolutionNode = FALSE
	EndGlobalSection
	GlobalSection(ExtensibilityGlobals) = postSolution
		SolutionGuid = {F8DCA4FB-7BDD-4FE5-8EBB-0F8114508722}
	EndGlobalSection
EndGlobal
